// !$*UTF8*$!
{
	archiveVersion = 1;
	classes = {
	};
	objectVersion = 55;
	objects = {

/* Begin PBXBuildFile section */
		7620AAEC276D8D010027BEA8 /* Constants.swift in Sources */ = {isa = PBXBuildFile; fileRef = 7620AAEB276D8D010027BEA8 /* Constants.swift */; };
		7620AAEF276DADD40027BEA8 /* MovieCollectionViewCell.swift in Sources */ = {isa = PBXBuildFile; fileRef = 7620AAEE276DADD30027BEA8 /* MovieCollectionViewCell.swift */; };
		7620AAF0276DADD40027BEA8 /* MovieCollectionViewCell.swift in Sources */ = {isa = PBXBuildFile; fileRef = 7620AAEE276DADD30027BEA8 /* MovieCollectionViewCell.swift */; };
		7620AAF2276DB1130027BEA8 /* UIImageView+Extension.swift in Sources */ = {isa = PBXBuildFile; fileRef = 7620AAF1276DB1130027BEA8 /* UIImageView+Extension.swift */; };
		7620AAF3276DB1130027BEA8 /* UIImageView+Extension.swift in Sources */ = {isa = PBXBuildFile; fileRef = 7620AAF1276DB1130027BEA8 /* UIImageView+Extension.swift */; };
		7620AAF6276F0C950027BEA8 /* LoadingFooterView.swift in Sources */ = {isa = PBXBuildFile; fileRef = 7620AAF4276F0C950027BEA8 /* LoadingFooterView.swift */; };
		7620AAF7276F0C950027BEA8 /* LoadingFooterView.swift in Sources */ = {isa = PBXBuildFile; fileRef = 7620AAF4276F0C950027BEA8 /* LoadingFooterView.swift */; };
		7620AAF8276F0C950027BEA8 /* LoadingFooterView.xib in Resources */ = {isa = PBXBuildFile; fileRef = 7620AAF5276F0C950027BEA8 /* LoadingFooterView.xib */; };
		7620AAF9276F0C950027BEA8 /* LoadingFooterView.xib in Resources */ = {isa = PBXBuildFile; fileRef = 7620AAF5276F0C950027BEA8 /* LoadingFooterView.xib */; };
		7620AAFB276F231B0027BEA8 /* MovieDetailsViewController.swift in Sources */ = {isa = PBXBuildFile; fileRef = 7620AAFA276F231B0027BEA8 /* MovieDetailsViewController.swift */; };
		7620AAFC276F231B0027BEA8 /* MovieDetailsViewController.swift in Sources */ = {isa = PBXBuildFile; fileRef = 7620AAFA276F231B0027BEA8 /* MovieDetailsViewController.swift */; };
		7620AAFE276F263C0027BEA8 /* MovieDetail.swift in Sources */ = {isa = PBXBuildFile; fileRef = 7620AAFD276F263C0027BEA8 /* MovieDetail.swift */; };
		7620AAFF276F263C0027BEA8 /* MovieDetail.swift in Sources */ = {isa = PBXBuildFile; fileRef = 7620AAFD276F263C0027BEA8 /* MovieDetail.swift */; };
		7663249F276CCD6600598F60 /* AppDelegate.swift in Sources */ = {isa = PBXBuildFile; fileRef = 7663249E276CCD6600598F60 /* AppDelegate.swift */; };
		766324A1276CCD6600598F60 /* SceneDelegate.swift in Sources */ = {isa = PBXBuildFile; fileRef = 766324A0276CCD6600598F60 /* SceneDelegate.swift */; };
		766324A3276CCD6600598F60 /* MoviesViewController.swift in Sources */ = {isa = PBXBuildFile; fileRef = 766324A2276CCD6600598F60 /* MoviesViewController.swift */; };
		766324A6276CCD6600598F60 /* Main.storyboard in Resources */ = {isa = PBXBuildFile; fileRef = 766324A4276CCD6600598F60 /* Main.storyboard */; };
		766324A8276CCD6900598F60 /* Assets.xcassets in Resources */ = {isa = PBXBuildFile; fileRef = 766324A7276CCD6900598F60 /* Assets.xcassets */; };
		766324AB276CCD6900598F60 /* LaunchScreen.storyboard in Resources */ = {isa = PBXBuildFile; fileRef = 766324A9276CCD6900598F60 /* LaunchScreen.storyboard */; };
		766324B6276CCD6900598F60 /* Maverick_MoviesTests.swift in Sources */ = {isa = PBXBuildFile; fileRef = 766324B5276CCD6900598F60 /* Maverick_MoviesTests.swift */; };
		766324C0276CCD6900598F60 /* Maverick_MoviesUITests.swift in Sources */ = {isa = PBXBuildFile; fileRef = 766324BF276CCD6900598F60 /* Maverick_MoviesUITests.swift */; };
		766324C2276CCD6900598F60 /* Maverick_MoviesUITestsLaunchTests.swift in Sources */ = {isa = PBXBuildFile; fileRef = 766324C1276CCD6900598F60 /* Maverick_MoviesUITestsLaunchTests.swift */; };
		766324CF276CCDBC00598F60 /* Movie.swift in Sources */ = {isa = PBXBuildFile; fileRef = 766324CE276CCDBC00598F60 /* Movie.swift */; };
		766324D7276CCEE900598F60 /* MoviesListViewModel.swift in Sources */ = {isa = PBXBuildFile; fileRef = 766324D6276CCEE900598F60 /* MoviesListViewModel.swift */; };
		766324D8276CCEE900598F60 /* MoviesListViewModel.swift in Sources */ = {isa = PBXBuildFile; fileRef = 766324D6276CCEE900598F60 /* MoviesListViewModel.swift */; };
		766324DB276CD9F500598F60 /* MovieDetailsViewModel.swift in Sources */ = {isa = PBXBuildFile; fileRef = 766324DA276CD9F500598F60 /* MovieDetailsViewModel.swift */; };
		766324DC276CD9F500598F60 /* MovieDetailsViewModel.swift in Sources */ = {isa = PBXBuildFile; fileRef = 766324DA276CD9F500598F60 /* MovieDetailsViewModel.swift */; };
		766324DE276CDA5700598F60 /* MovieNetworkStore.swift in Sources */ = {isa = PBXBuildFile; fileRef = 766324DD276CDA5700598F60 /* MovieNetworkStore.swift */; };
		766324DF276CDA5700598F60 /* MovieNetworkStore.swift in Sources */ = {isa = PBXBuildFile; fileRef = 766324DD276CDA5700598F60 /* MovieNetworkStore.swift */; };
		766324E1276CDAC800598F60 /* MovieNetworkManager.swift in Sources */ = {isa = PBXBuildFile; fileRef = 766324E0276CDAC800598F60 /* MovieNetworkManager.swift */; };
		766324E2276CDAC800598F60 /* MovieNetworkManager.swift in Sources */ = {isa = PBXBuildFile; fileRef = 766324E0276CDAC800598F60 /* MovieNetworkManager.swift */; };
		766324E4276CDB4000598F60 /* MovieError.swift in Sources */ = {isa = PBXBuildFile; fileRef = 766324E3276CDB4000598F60 /* MovieError.swift */; };
		766324E5276CDB4000598F60 /* MovieError.swift in Sources */ = {isa = PBXBuildFile; fileRef = 766324E3276CDB4000598F60 /* MovieError.swift */; };
		766324E7276CDE3100598F60 /* NetworkLayer.swift in Sources */ = {isa = PBXBuildFile; fileRef = 766324E6276CDE3100598F60 /* NetworkLayer.swift */; };
		766324E8276CDE3100598F60 /* NetworkLayer.swift in Sources */ = {isa = PBXBuildFile; fileRef = 766324E6276CDE3100598F60 /* NetworkLayer.swift */; };
		766324EA276CDEC800598F60 /* Router.swift in Sources */ = {isa = PBXBuildFile; fileRef = 766324E9276CDEC800598F60 /* Router.swift */; };
		766324EB276CDEC800598F60 /* Router.swift in Sources */ = {isa = PBXBuildFile; fileRef = 766324E9276CDEC800598F60 /* Router.swift */; };
		766324ED276CF9E900598F60 /* SearchResult.swift in Sources */ = {isa = PBXBuildFile; fileRef = 766324EC276CF9E900598F60 /* SearchResult.swift */; };
		766324EE276CF9E900598F60 /* SearchResult.swift in Sources */ = {isa = PBXBuildFile; fileRef = 766324EC276CF9E900598F60 /* SearchResult.swift */; };
/* End PBXBuildFile section */

/* Begin PBXContainerItemProxy section */
		766324B2276CCD6900598F60 /* PBXContainerItemProxy */ = {
			isa = PBXContainerItemProxy;
			containerPortal = 76632493276CCD6500598F60 /* Project object */;
			proxyType = 1;
			remoteGlobalIDString = 7663249A276CCD6600598F60;
			remoteInfo = "Maverick Movies";
		};
		766324BC276CCD6900598F60 /* PBXContainerItemProxy */ = {
			isa = PBXContainerItemProxy;
			containerPortal = 76632493276CCD6500598F60 /* Project object */;
			proxyType = 1;
			remoteGlobalIDString = 7663249A276CCD6600598F60;
			remoteInfo = "Maverick Movies";
		};
/* End PBXContainerItemProxy section */

/* Begin PBXFileReference section */
		7620AAEB276D8D010027BEA8 /* Constants.swift */ = {isa = PBXFileReference; lastKnownFileType = sourcecode.swift; path = Constants.swift; sourceTree = "<group>"; };
		7620AAEE276DADD30027BEA8 /* MovieCollectionViewCell.swift */ = {isa = PBXFileReference; lastKnownFileType = sourcecode.swift; name = MovieCollectionViewCell.swift; path = "Maverick Movies/View/MovieCollectionViewCell.swift"; sourceTree = SOURCE_ROOT; };
		7620AAF1276DB1130027BEA8 /* UIImageView+Extension.swift */ = {isa = PBXFileReference; lastKnownFileType = sourcecode.swift; path = "UIImageView+Extension.swift"; sourceTree = "<group>"; };
		7620AAF4276F0C950027BEA8 /* LoadingFooterView.swift */ = {isa = PBXFileReference; lastKnownFileType = sourcecode.swift; path = LoadingFooterView.swift; sourceTree = "<group>"; };
		7620AAF5276F0C950027BEA8 /* LoadingFooterView.xib */ = {isa = PBXFileReference; lastKnownFileType = file.xib; path = LoadingFooterView.xib; sourceTree = "<group>"; };
		7620AAFA276F231B0027BEA8 /* MovieDetailsViewController.swift */ = {isa = PBXFileReference; lastKnownFileType = sourcecode.swift; path = MovieDetailsViewController.swift; sourceTree = "<group>"; };
		7620AAFD276F263C0027BEA8 /* MovieDetail.swift */ = {isa = PBXFileReference; lastKnownFileType = sourcecode.swift; path = MovieDetail.swift; sourceTree = "<group>"; };
		7663249B276CCD6600598F60 /* Maverick Movies.app */ = {isa = PBXFileReference; explicitFileType = wrapper.application; includeInIndex = 0; path = "Maverick Movies.app"; sourceTree = BUILT_PRODUCTS_DIR; };
		7663249E276CCD6600598F60 /* AppDelegate.swift */ = {isa = PBXFileReference; lastKnownFileType = sourcecode.swift; path = AppDelegate.swift; sourceTree = "<group>"; };
		766324A0276CCD6600598F60 /* SceneDelegate.swift */ = {isa = PBXFileReference; lastKnownFileType = sourcecode.swift; path = SceneDelegate.swift; sourceTree = "<group>"; };
		766324A2276CCD6600598F60 /* MoviesViewController.swift */ = {isa = PBXFileReference; lastKnownFileType = sourcecode.swift; path = MoviesViewController.swift; sourceTree = "<group>"; };
		766324A5276CCD6600598F60 /* Base */ = {isa = PBXFileReference; lastKnownFileType = file.storyboard; name = Base; path = Base.lproj/Main.storyboard; sourceTree = "<group>"; };
		766324A7276CCD6900598F60 /* Assets.xcassets */ = {isa = PBXFileReference; lastKnownFileType = folder.assetcatalog; path = Assets.xcassets; sourceTree = "<group>"; };
		766324AA276CCD6900598F60 /* Base */ = {isa = PBXFileReference; lastKnownFileType = file.storyboard; name = Base; path = Base.lproj/LaunchScreen.storyboard; sourceTree = "<group>"; };
		766324AC276CCD6900598F60 /* Info.plist */ = {isa = PBXFileReference; lastKnownFileType = text.plist.xml; path = Info.plist; sourceTree = "<group>"; };
		766324B1276CCD6900598F60 /* Maverick MoviesTests.xctest */ = {isa = PBXFileReference; explicitFileType = wrapper.cfbundle; includeInIndex = 0; path = "Maverick MoviesTests.xctest"; sourceTree = BUILT_PRODUCTS_DIR; };
		766324B5276CCD6900598F60 /* Maverick_MoviesTests.swift */ = {isa = PBXFileReference; lastKnownFileType = sourcecode.swift; path = Maverick_MoviesTests.swift; sourceTree = "<group>"; };
		766324BB276CCD6900598F60 /* Maverick MoviesUITests.xctest */ = {isa = PBXFileReference; explicitFileType = wrapper.cfbundle; includeInIndex = 0; path = "Maverick MoviesUITests.xctest"; sourceTree = BUILT_PRODUCTS_DIR; };
		766324BF276CCD6900598F60 /* Maverick_MoviesUITests.swift */ = {isa = PBXFileReference; lastKnownFileType = sourcecode.swift; path = Maverick_MoviesUITests.swift; sourceTree = "<group>"; };
		766324C1276CCD6900598F60 /* Maverick_MoviesUITestsLaunchTests.swift */ = {isa = PBXFileReference; lastKnownFileType = sourcecode.swift; path = Maverick_MoviesUITestsLaunchTests.swift; sourceTree = "<group>"; };
		766324CE276CCDBC00598F60 /* Movie.swift */ = {isa = PBXFileReference; lastKnownFileType = sourcecode.swift; path = Movie.swift; sourceTree = "<group>"; };
		766324D6276CCEE900598F60 /* MoviesListViewModel.swift */ = {isa = PBXFileReference; lastKnownFileType = sourcecode.swift; path = MoviesListViewModel.swift; sourceTree = "<group>"; };
		766324DA276CD9F500598F60 /* MovieDetailsViewModel.swift */ = {isa = PBXFileReference; lastKnownFileType = sourcecode.swift; path = MovieDetailsViewModel.swift; sourceTree = "<group>"; };
		766324DD276CDA5700598F60 /* MovieNetworkStore.swift */ = {isa = PBXFileReference; lastKnownFileType = sourcecode.swift; path = MovieNetworkStore.swift; sourceTree = "<group>"; };
		766324E0276CDAC800598F60 /* MovieNetworkManager.swift */ = {isa = PBXFileReference; lastKnownFileType = sourcecode.swift; path = MovieNetworkManager.swift; sourceTree = "<group>"; };
		766324E3276CDB4000598F60 /* MovieError.swift */ = {isa = PBXFileReference; lastKnownFileType = sourcecode.swift; path = MovieError.swift; sourceTree = "<group>"; };
		766324E6276CDE3100598F60 /* NetworkLayer.swift */ = {isa = PBXFileReference; lastKnownFileType = sourcecode.swift; path = NetworkLayer.swift; sourceTree = "<group>"; };
		766324E9276CDEC800598F60 /* Router.swift */ = {isa = PBXFileReference; lastKnownFileType = sourcecode.swift; path = Router.swift; sourceTree = "<group>"; };
		766324EC276CF9E900598F60 /* SearchResult.swift */ = {isa = PBXFileReference; lastKnownFileType = sourcecode.swift; path = SearchResult.swift; sourceTree = "<group>"; };
/* End PBXFileReference section */

/* Begin PBXFrameworksBuildPhase section */
		76632498276CCD6600598F60 /* Frameworks */ = {
			isa = PBXFrameworksBuildPhase;
			buildActionMask = 2147483647;
			files = (
			);
			runOnlyForDeploymentPostprocessing = 0;
		};
		766324AE276CCD6900598F60 /* Frameworks */ = {
			isa = PBXFrameworksBuildPhase;
			buildActionMask = 2147483647;
			files = (
			);
			runOnlyForDeploymentPostprocessing = 0;
		};
		766324B8276CCD6900598F60 /* Frameworks */ = {
			isa = PBXFrameworksBuildPhase;
			buildActionMask = 2147483647;
			files = (
			);
			runOnlyForDeploymentPostprocessing = 0;
		};
/* End PBXFrameworksBuildPhase section */

/* Begin PBXGroup section */
		7620AAED276D97EB0027BEA8 /* Storyboard */ = {
			isa = PBXGroup;
			children = (
				766324A4276CCD6600598F60 /* Main.storyboard */,
				766324A9276CCD6900598F60 /* LaunchScreen.storyboard */,
			);
			path = Storyboard;
			sourceTree = "<group>";
		};
		76632492276CCD6500598F60 = {
			isa = PBXGroup;
			children = (
				7663249D276CCD6600598F60 /* Maverick Movies */,
				766324B4276CCD6900598F60 /* Maverick MoviesTests */,
				766324BE276CCD6900598F60 /* Maverick MoviesUITests */,
				7663249C276CCD6600598F60 /* Products */,
			);
			sourceTree = "<group>";
		};
		7663249C276CCD6600598F60 /* Products */ = {
			isa = PBXGroup;
			children = (
				7663249B276CCD6600598F60 /* Maverick Movies.app */,
				766324B1276CCD6900598F60 /* Maverick MoviesTests.xctest */,
				766324BB276CCD6900598F60 /* Maverick MoviesUITests.xctest */,
			);
			name = Products;
			sourceTree = "<group>";
		};
		7663249D276CCD6600598F60 /* Maverick Movies */ = {
			isa = PBXGroup;
			children = (
				766324AC276CCD6900598F60 /* Info.plist */,
				766324D1276CCE8F00598F60 /* Model */,
				766324D5276CCEC600598F60 /* Resources */,
				766324D3276CCE9D00598F60 /* Supporting Files */,
				7620AAED276D97EB0027BEA8 /* Storyboard */,
				766324D4276CCEB000598F60 /* View */,
				766324D2276CCE9400598F60 /* ViewController */,
				766324D9276CCEED00598F60 /* ViewModel */,
				766324DD276CDA5700598F60 /* MovieNetworkStore.swift */,
				766324E3276CDB4000598F60 /* MovieError.swift */,
				766324EF276CFD9700598F60 /* Network */,
			);
			path = "Maverick Movies";
			sourceTree = "<group>";
		};
		766324B4276CCD6900598F60 /* Maverick MoviesTests */ = {
			isa = PBXGroup;
			children = (
				766324B5276CCD6900598F60 /* Maverick_MoviesTests.swift */,
			);
			path = "Maverick MoviesTests";
			sourceTree = "<group>";
		};
		766324BE276CCD6900598F60 /* Maverick MoviesUITests */ = {
			isa = PBXGroup;
			children = (
				766324BF276CCD6900598F60 /* Maverick_MoviesUITests.swift */,
				766324C1276CCD6900598F60 /* Maverick_MoviesUITestsLaunchTests.swift */,
			);
			path = "Maverick MoviesUITests";
			sourceTree = "<group>";
		};
		766324D1276CCE8F00598F60 /* Model */ = {
			isa = PBXGroup;
			children = (
				766324CE276CCDBC00598F60 /* Movie.swift */,
				766324EC276CF9E900598F60 /* SearchResult.swift */,
				7620AAFD276F263C0027BEA8 /* MovieDetail.swift */,
			);
			path = Model;
			sourceTree = "<group>";
		};
		766324D2276CCE9400598F60 /* ViewController */ = {
			isa = PBXGroup;
			children = (
				766324A2276CCD6600598F60 /* MoviesViewController.swift */,
				7620AAEB276D8D010027BEA8 /* Constants.swift */,
				7620AAFA276F231B0027BEA8 /* MovieDetailsViewController.swift */,
			);
			path = ViewController;
			sourceTree = "<group>";
		};
		766324D3276CCE9D00598F60 /* Supporting Files */ = {
			isa = PBXGroup;
			children = (
				7663249E276CCD6600598F60 /* AppDelegate.swift */,
				766324A0276CCD6600598F60 /* SceneDelegate.swift */,
			);
			path = "Supporting Files";
			sourceTree = "<group>";
		};
		766324D4276CCEB000598F60 /* View */ = {
			isa = PBXGroup;
			children = (
				7620AAEE276DADD30027BEA8 /* MovieCollectionViewCell.swift */,
				7620AAF1276DB1130027BEA8 /* UIImageView+Extension.swift */,
				7620AAF4276F0C950027BEA8 /* LoadingFooterView.swift */,
				7620AAF5276F0C950027BEA8 /* LoadingFooterView.xib */,
			);
			path = View;
			sourceTree = "<group>";
		};
		766324D5276CCEC600598F60 /* Resources */ = {
			isa = PBXGroup;
			children = (
				766324A7276CCD6900598F60 /* Assets.xcassets */,
			);
			path = Resources;
			sourceTree = "<group>";
		};
		766324D9276CCEED00598F60 /* ViewModel */ = {
			isa = PBXGroup;
			children = (
				766324D6276CCEE900598F60 /* MoviesListViewModel.swift */,
				766324DA276CD9F500598F60 /* MovieDetailsViewModel.swift */,
			);
			path = ViewModel;
			sourceTree = "<group>";
		};
		766324EF276CFD9700598F60 /* Network */ = {
			isa = PBXGroup;
			children = (
				766324E0276CDAC800598F60 /* MovieNetworkManager.swift */,
				766324E6276CDE3100598F60 /* NetworkLayer.swift */,
				766324E9276CDEC800598F60 /* Router.swift */,
			);
			path = Network;
			sourceTree = "<group>";
		};
/* End PBXGroup section */

/* Begin PBXNativeTarget section */
		7663249A276CCD6600598F60 /* Maverick Movies */ = {
			isa = PBXNativeTarget;
			buildConfigurationList = 766324C5276CCD6900598F60 /* Build configuration list for PBXNativeTarget "Maverick Movies" */;
			buildPhases = (
				76632497276CCD6600598F60 /* Sources */,
				76632498276CCD6600598F60 /* Frameworks */,
				76632499276CCD6600598F60 /* Resources */,
			);
			buildRules = (
			);
			dependencies = (
			);
			name = "Maverick Movies";
			productName = "Maverick Movies";
			productReference = 7663249B276CCD6600598F60 /* Maverick Movies.app */;
			productType = "com.apple.product-type.application";
		};
		766324B0276CCD6900598F60 /* Maverick MoviesTests */ = {
			isa = PBXNativeTarget;
			buildConfigurationList = 766324C8276CCD6900598F60 /* Build configuration list for PBXNativeTarget "Maverick MoviesTests" */;
			buildPhases = (
				766324AD276CCD6900598F60 /* Sources */,
				766324AE276CCD6900598F60 /* Frameworks */,
				766324AF276CCD6900598F60 /* Resources */,
			);
			buildRules = (
			);
			dependencies = (
				766324B3276CCD6900598F60 /* PBXTargetDependency */,
			);
			name = "Maverick MoviesTests";
			productName = "Maverick MoviesTests";
			productReference = 766324B1276CCD6900598F60 /* Maverick MoviesTests.xctest */;
			productType = "com.apple.product-type.bundle.unit-test";
		};
		766324BA276CCD6900598F60 /* Maverick MoviesUITests */ = {
			isa = PBXNativeTarget;
			buildConfigurationList = 766324CB276CCD6900598F60 /* Build configuration list for PBXNativeTarget "Maverick MoviesUITests" */;
			buildPhases = (
				766324B7276CCD6900598F60 /* Sources */,
				766324B8276CCD6900598F60 /* Frameworks */,
				766324B9276CCD6900598F60 /* Resources */,
			);
			buildRules = (
			);
			dependencies = (
				766324BD276CCD6900598F60 /* PBXTargetDependency */,
			);
			name = "Maverick MoviesUITests";
			productName = "Maverick MoviesUITests";
			productReference = 766324BB276CCD6900598F60 /* Maverick MoviesUITests.xctest */;
			productType = "com.apple.product-type.bundle.ui-testing";
		};
/* End PBXNativeTarget section */

/* Begin PBXProject section */
		76632493276CCD6500598F60 /* Project object */ = {
			isa = PBXProject;
			attributes = {
				BuildIndependentTargetsInParallel = 1;
				LastSwiftUpdateCheck = 1310;
				LastUpgradeCheck = 1310;
				TargetAttributes = {
					7663249A276CCD6600598F60 = {
						CreatedOnToolsVersion = 13.1;
					};
					766324B0276CCD6900598F60 = {
						CreatedOnToolsVersion = 13.1;
						TestTargetID = 7663249A276CCD6600598F60;
					};
					766324BA276CCD6900598F60 = {
						CreatedOnToolsVersion = 13.1;
						TestTargetID = 7663249A276CCD6600598F60;
					};
				};
			};
			buildConfigurationList = 76632496276CCD6500598F60 /* Build configuration list for PBXProject "Maverick Movies" */;
			compatibilityVersion = "Xcode 13.0";
			developmentRegion = en;
			hasScannedForEncodings = 0;
			knownRegions = (
				en,
				Base,
			);
			mainGroup = 76632492276CCD6500598F60;
			productRefGroup = 7663249C276CCD6600598F60 /* Products */;
			projectDirPath = "";
			projectRoot = "";
			targets = (
				7663249A276CCD6600598F60 /* Maverick Movies */,
				766324B0276CCD6900598F60 /* Maverick MoviesTests */,
				766324BA276CCD6900598F60 /* Maverick MoviesUITests */,
			);
		};
/* End PBXProject section */

/* Begin PBXResourcesBuildPhase section */
		76632499276CCD6600598F60 /* Resources */ = {
			isa = PBXResourcesBuildPhase;
			buildActionMask = 2147483647;
			files = (
				766324AB276CCD6900598F60 /* LaunchScreen.storyboard in Resources */,
				766324A8276CCD6900598F60 /* Assets.xcassets in Resources */,
				7620AAF8276F0C950027BEA8 /* LoadingFooterView.xib in Resources */,
				766324A6276CCD6600598F60 /* Main.storyboard in Resources */,
			);
			runOnlyForDeploymentPostprocessing = 0;
		};
		766324AF276CCD6900598F60 /* Resources */ = {
			isa = PBXResourcesBuildPhase;
			buildActionMask = 2147483647;
			files = (
				7620AAF9276F0C950027BEA8 /* LoadingFooterView.xib in Resources */,
			);
			runOnlyForDeploymentPostprocessing = 0;
		};
		766324B9276CCD6900598F60 /* Resources */ = {
			isa = PBXResourcesBuildPhase;
			buildActionMask = 2147483647;
			files = (
			);
			runOnlyForDeploymentPostprocessing = 0;
		};
/* End PBXResourcesBuildPhase section */

/* Begin PBXSourcesBuildPhase section */
		76632497276CCD6600598F60 /* Sources */ = {
			isa = PBXSourcesBuildPhase;
			buildActionMask = 2147483647;
			files = (
				7620AAF2276DB1130027BEA8 /* UIImageView+Extension.swift in Sources */,
				766324EA276CDEC800598F60 /* Router.swift in Sources */,
				766324D7276CCEE900598F60 /* MoviesListViewModel.swift in Sources */,
				7620AAFE276F263C0027BEA8 /* MovieDetail.swift in Sources */,
				766324A3276CCD6600598F60 /* MoviesViewController.swift in Sources */,
				766324DB276CD9F500598F60 /* MovieDetailsViewModel.swift in Sources */,
				766324E7276CDE3100598F60 /* NetworkLayer.swift in Sources */,
				766324DE276CDA5700598F60 /* MovieNetworkStore.swift in Sources */,
				766324E4276CDB4000598F60 /* MovieError.swift in Sources */,
				7620AAEC276D8D010027BEA8 /* Constants.swift in Sources */,
				766324E1276CDAC800598F60 /* MovieNetworkManager.swift in Sources */,
				7620AAF6276F0C950027BEA8 /* LoadingFooterView.swift in Sources */,
				7663249F276CCD6600598F60 /* AppDelegate.swift in Sources */,
				766324CF276CCDBC00598F60 /* Movie.swift in Sources */,
				7620AAEF276DADD40027BEA8 /* MovieCollectionViewCell.swift in Sources */,
				766324ED276CF9E900598F60 /* SearchResult.swift in Sources */,
				766324A1276CCD6600598F60 /* SceneDelegate.swift in Sources */,
				7620AAFB276F231B0027BEA8 /* MovieDetailsViewController.swift in Sources */,
			);
			runOnlyForDeploymentPostprocessing = 0;
		};
		766324AD276CCD6900598F60 /* Sources */ = {
			isa = PBXSourcesBuildPhase;
			buildActionMask = 2147483647;
			files = (
				766324EB276CDEC800598F60 /* Router.swift in Sources */,
				7620AAFF276F263C0027BEA8 /* MovieDetail.swift in Sources */,
				766324EE276CF9E900598F60 /* SearchResult.swift in Sources */,
				7620AAFC276F231B0027BEA8 /* MovieDetailsViewController.swift in Sources */,
				766324DF276CDA5700598F60 /* MovieNetworkStore.swift in Sources */,
				766324E5276CDB4000598F60 /* MovieError.swift in Sources */,
				766324B6276CCD6900598F60 /* Maverick_MoviesTests.swift in Sources */,
				766324E2276CDAC800598F60 /* MovieNetworkManager.swift in Sources */,
				7620AAF7276F0C950027BEA8 /* LoadingFooterView.swift in Sources */,
				766324D8276CCEE900598F60 /* MoviesListViewModel.swift in Sources */,
				7620AAF3276DB1130027BEA8 /* UIImageView+Extension.swift in Sources */,
				7620AAF0276DADD40027BEA8 /* MovieCollectionViewCell.swift in Sources */,
				766324DC276CD9F500598F60 /* MovieDetailsViewModel.swift in Sources */,
				766324E8276CDE3100598F60 /* NetworkLayer.swift in Sources */,
			);
			runOnlyForDeploymentPostprocessing = 0;
		};
		766324B7276CCD6900598F60 /* Sources */ = {
			isa = PBXSourcesBuildPhase;
			buildActionMask = 2147483647;
			files = (
				766324C0276CCD6900598F60 /* Maverick_MoviesUITests.swift in Sources */,
				766324C2276CCD6900598F60 /* Maverick_MoviesUITestsLaunchTests.swift in Sources */,
			);
			runOnlyForDeploymentPostprocessing = 0;
		};
/* End PBXSourcesBuildPhase section */

/* Begin PBXTargetDependency section */
		766324B3276CCD6900598F60 /* PBXTargetDependency */ = {
			isa = PBXTargetDependency;
			target = 7663249A276CCD6600598F60 /* Maverick Movies */;
			targetProxy = 766324B2276CCD6900598F60 /* PBXContainerItemProxy */;
		};
		766324BD276CCD6900598F60 /* PBXTargetDependency */ = {
			isa = PBXTargetDependency;
			target = 7663249A276CCD6600598F60 /* Maverick Movies */;
			targetProxy = 766324BC276CCD6900598F60 /* PBXContainerItemProxy */;
		};
/* End PBXTargetDependency section */

/* Begin PBXVariantGroup section */
		766324A4276CCD6600598F60 /* Main.storyboard */ = {
			isa = PBXVariantGroup;
			children = (
				766324A5276CCD6600598F60 /* Base */,
			);
			name = Main.storyboard;
			sourceTree = "<group>";
		};
		766324A9276CCD6900598F60 /* LaunchScreen.storyboard */ = {
			isa = PBXVariantGroup;
			children = (
				766324AA276CCD6900598F60 /* Base */,
			);
			name = LaunchScreen.storyboard;
			sourceTree = "<group>";
		};
/* End PBXVariantGroup section */

/* Begin XCBuildConfiguration section */
		766324C3276CCD6900598F60 /* Debug */ = {
			isa = XCBuildConfiguration;
			buildSettings = {
				ALWAYS_SEARCH_USER_PATHS = NO;
				CLANG_ANALYZER_NONNULL = YES;
				CLANG_ANALYZER_NUMBER_OBJECT_CONVERSION = YES_AGGRESSIVE;
				CLANG_CXX_LANGUAGE_STANDARD = "gnu++17";
				CLANG_CXX_LIBRARY = "libc++";
				CLANG_ENABLE_MODULES = YES;
				CLANG_ENABLE_OBJC_ARC = YES;
				CLANG_ENABLE_OBJC_WEAK = YES;
				CLANG_WARN_BLOCK_CAPTURE_AUTORELEASING = YES;
				CLANG_WARN_BOOL_CONVERSION = YES;
				CLANG_WARN_COMMA = YES;
				CLANG_WARN_CONSTANT_CONVERSION = YES;
				CLANG_WARN_DEPRECATED_OBJC_IMPLEMENTATIONS = YES;
				CLANG_WARN_DIRECT_OBJC_ISA_USAGE = YES_ERROR;
				CLANG_WARN_DOCUMENTATION_COMMENTS = YES;
				CLANG_WARN_EMPTY_BODY = YES;
				CLANG_WARN_ENUM_CONVERSION = YES;
				CLANG_WARN_INFINITE_RECURSION = YES;
				CLANG_WARN_INT_CONVERSION = YES;
				CLANG_WARN_NON_LITERAL_NULL_CONVERSION = YES;
				CLANG_WARN_OBJC_IMPLICIT_RETAIN_SELF = YES;
				CLANG_WARN_OBJC_LITERAL_CONVERSION = YES;
				CLANG_WARN_OBJC_ROOT_CLASS = YES_ERROR;
				CLANG_WARN_QUOTED_INCLUDE_IN_FRAMEWORK_HEADER = YES;
				CLANG_WARN_RANGE_LOOP_ANALYSIS = YES;
				CLANG_WARN_STRICT_PROTOTYPES = YES;
				CLANG_WARN_SUSPICIOUS_MOVE = YES;
				CLANG_WARN_UNGUARDED_AVAILABILITY = YES_AGGRESSIVE;
				CLANG_WARN_UNREACHABLE_CODE = YES;
				CLANG_WARN__DUPLICATE_METHOD_MATCH = YES;
				COPY_PHASE_STRIP = NO;
				DEBUG_INFORMATION_FORMAT = dwarf;
				ENABLE_STRICT_OBJC_MSGSEND = YES;
				ENABLE_TESTABILITY = YES;
				GCC_C_LANGUAGE_STANDARD = gnu11;
				GCC_DYNAMIC_NO_PIC = NO;
				GCC_NO_COMMON_BLOCKS = YES;
				GCC_OPTIMIZATION_LEVEL = 0;
				GCC_PREPROCESSOR_DEFINITIONS = (
					"DEBUG=1",
					"$(inherited)",
				);
				GCC_WARN_64_TO_32_BIT_CONVERSION = YES;
				GCC_WARN_ABOUT_RETURN_TYPE = YES_ERROR;
				GCC_WARN_UNDECLARED_SELECTOR = YES;
				GCC_WARN_UNINITIALIZED_AUTOS = YES_AGGRESSIVE;
				GCC_WARN_UNUSED_FUNCTION = YES;
				GCC_WARN_UNUSED_VARIABLE = YES;
				IPHONEOS_DEPLOYMENT_TARGET = 15.0;
				MTL_ENABLE_DEBUG_INFO = INCLUDE_SOURCE;
				MTL_FAST_MATH = YES;
				ONLY_ACTIVE_ARCH = YES;
				SDKROOT = iphoneos;
				SWIFT_ACTIVE_COMPILATION_CONDITIONS = DEBUG;
				SWIFT_OPTIMIZATION_LEVEL = "-Onone";
			};
			name = Debug;
		};
		766324C4276CCD6900598F60 /* Release */ = {
			isa = XCBuildConfiguration;
			buildSettings = {
				ALWAYS_SEARCH_USER_PATHS = NO;
				CLANG_ANALYZER_NONNULL = YES;
				CLANG_ANALYZER_NUMBER_OBJECT_CONVERSION = YES_AGGRESSIVE;
				CLANG_CXX_LANGUAGE_STANDARD = "gnu++17";
				CLANG_CXX_LIBRARY = "libc++";
				CLANG_ENABLE_MODULES = YES;
				CLANG_ENABLE_OBJC_ARC = YES;
				CLANG_ENABLE_OBJC_WEAK = YES;
				CLANG_WARN_BLOCK_CAPTURE_AUTORELEASING = YES;
				CLANG_WARN_BOOL_CONVERSION = YES;
				CLANG_WARN_COMMA = YES;
				CLANG_WARN_CONSTANT_CONVERSION = YES;
				CLANG_WARN_DEPRECATED_OBJC_IMPLEMENTATIONS = YES;
				CLANG_WARN_DIRECT_OBJC_ISA_USAGE = YES_ERROR;
				CLANG_WARN_DOCUMENTATION_COMMENTS = YES;
				CLANG_WARN_EMPTY_BODY = YES;
				CLANG_WARN_ENUM_CONVERSION = YES;
				CLANG_WARN_INFINITE_RECURSION = YES;
				CLANG_WARN_INT_CONVERSION = YES;
				CLANG_WARN_NON_LITERAL_NULL_CONVERSION = YES;
				CLANG_WARN_OBJC_IMPLICIT_RETAIN_SELF = YES;
				CLANG_WARN_OBJC_LITERAL_CONVERSION = YES;
				CLANG_WARN_OBJC_ROOT_CLASS = YES_ERROR;
				CLANG_WARN_QUOTED_INCLUDE_IN_FRAMEWORK_HEADER = YES;
				CLANG_WARN_RANGE_LOOP_ANALYSIS = YES;
				CLANG_WARN_STRICT_PROTOTYPES = YES;
				CLANG_WARN_SUSPICIOUS_MOVE = YES;
				CLANG_WARN_UNGUARDED_AVAILABILITY = YES_AGGRESSIVE;
				CLANG_WARN_UNREACHABLE_CODE = YES;
				CLANG_WARN__DUPLICATE_METHOD_MATCH = YES;
				COPY_PHASE_STRIP = NO;
				DEBUG_INFORMATION_FORMAT = "dwarf-with-dsym";
				ENABLE_NS_ASSERTIONS = NO;
				ENABLE_STRICT_OBJC_MSGSEND = YES;
				GCC_C_LANGUAGE_STANDARD = gnu11;
				GCC_NO_COMMON_BLOCKS = YES;
				GCC_WARN_64_TO_32_BIT_CONVERSION = YES;
				GCC_WARN_ABOUT_RETURN_TYPE = YES_ERROR;
				GCC_WARN_UNDECLARED_SELECTOR = YES;
				GCC_WARN_UNINITIALIZED_AUTOS = YES_AGGRESSIVE;
				GCC_WARN_UNUSED_FUNCTION = YES;
				GCC_WARN_UNUSED_VARIABLE = YES;
				IPHONEOS_DEPLOYMENT_TARGET = 15.0;
				MTL_ENABLE_DEBUG_INFO = NO;
				MTL_FAST_MATH = YES;
				SDKROOT = iphoneos;
				SWIFT_COMPILATION_MODE = wholemodule;
				SWIFT_OPTIMIZATION_LEVEL = "-O";
				VALIDATE_PRODUCT = YES;
			};
			name = Release;
		};
		766324C6276CCD6900598F60 /* Debug */ = {
			isa = XCBuildConfiguration;
			buildSettings = {
				ASSETCATALOG_COMPILER_APPICON_NAME = AppIcon;
				ASSETCATALOG_COMPILER_GLOBAL_ACCENT_COLOR_NAME = AccentColor;
				CODE_SIGN_STYLE = Automatic;
				CURRENT_PROJECT_VERSION = 1;
				DEVELOPMENT_TEAM = 9J92KULJLV;
				GENERATE_INFOPLIST_FILE = YES;
				INFOPLIST_FILE = "Maverick Movies/Info.plist";
				INFOPLIST_KEY_UIApplicationSupportsIndirectInputEvents = YES;
				INFOPLIST_KEY_UILaunchStoryboardName = LaunchScreen;
				INFOPLIST_KEY_UIMainStoryboardFile = Main;
				INFOPLIST_KEY_UISupportedInterfaceOrientations_iPad = "UIInterfaceOrientationPortrait UIInterfaceOrientationPortraitUpsideDown UIInterfaceOrientationLandscapeLeft UIInterfaceOrientationLandscapeRight";
				INFOPLIST_KEY_UISupportedInterfaceOrientations_iPhone = "UIInterfaceOrientationPortrait UIInterfaceOrientationLandscapeLeft UIInterfaceOrientationLandscapeRight";
				LD_RUNPATH_SEARCH_PATHS = (
					"$(inherited)",
					"@executable_path/Frameworks",
				);
				MARKETING_VERSION = 1.0;
				PRODUCT_BUNDLE_IDENTIFIER = "com.vasanth.Maverick-Movies";
				PRODUCT_NAME = "$(TARGET_NAME)";
				SWIFT_EMIT_LOC_STRINGS = YES;
				SWIFT_VERSION = 5.0;
				TARGETED_DEVICE_FAMILY = "1,2";
			};
			name = Debug;
		};
		766324C7276CCD6900598F60 /* Release */ = {
			isa = XCBuildConfiguration;
			buildSettings = {
				ASSETCATALOG_COMPILER_APPICON_NAME = AppIcon;
				ASSETCATALOG_COMPILER_GLOBAL_ACCENT_COLOR_NAME = AccentColor;
				CODE_SIGN_STYLE = Automatic;
				CURRENT_PROJECT_VERSION = 1;
				DEVELOPMENT_TEAM = 9J92KULJLV;
				GENERATE_INFOPLIST_FILE = YES;
				INFOPLIST_FILE = "Maverick Movies/Info.plist";
				INFOPLIST_KEY_UIApplicationSupportsIndirectInputEvents = YES;
				INFOPLIST_KEY_UILaunchStoryboardName = LaunchScreen;
				INFOPLIST_KEY_UIMainStoryboardFile = Main;
				INFOPLIST_KEY_UISupportedInterfaceOrientations_iPad = "UIInterfaceOrientationPortrait UIInterfaceOrientationPortraitUpsideDown UIInterfaceOrientationLandscapeLeft UIInterfaceOrientationLandscapeRight";
				INFOPLIST_KEY_UISupportedInterfaceOrientations_iPhone = "UIInterfaceOrientationPortrait UIInterfaceOrientationLandscapeLeft UIInterfaceOrientationLandscapeRight";
				LD_RUNPATH_SEARCH_PATHS = (
					"$(inherited)",
					"@executable_path/Frameworks",
				);
				MARKETING_VERSION = 1.0;
				PRODUCT_BUNDLE_IDENTIFIER = "com.vasanth.Maverick-Movies";
				PRODUCT_NAME = "$(TARGET_NAME)";
				SWIFT_EMIT_LOC_STRINGS = YES;
				SWIFT_VERSION = 5.0;
				TARGETED_DEVICE_FAMILY = "1,2";
			};
			name = Release;
		};
		766324C9276CCD6900598F60 /* Debug */ = {
			isa = XCBuildConfiguration;
			buildSettings = {
				ALWAYS_EMBED_SWIFT_STANDARD_LIBRARIES = YES;
				BUNDLE_LOADER = "$(TEST_HOST)";
				CODE_SIGN_STYLE = Automatic;
				CURRENT_PROJECT_VERSION = 1;
				GENERATE_INFOPLIST_FILE = YES;
				IPHONEOS_DEPLOYMENT_TARGET = 15.0;
				LD_RUNPATH_SEARCH_PATHS = (
					"$(inherited)",
					"@executable_path/Frameworks",
					"@loader_path/Frameworks",
				);
				MARKETING_VERSION = 1.0;
				PRODUCT_BUNDLE_IDENTIFIER = "com.vasanth.Maverick-MoviesTests";
				PRODUCT_NAME = "$(TARGET_NAME)";
				SWIFT_EMIT_LOC_STRINGS = NO;
				SWIFT_VERSION = 5.0;
				TARGETED_DEVICE_FAMILY = "1,2";
				TEST_HOST = "$(BUILT_PRODUCTS_DIR)/Maverick Movies.app/Maverick Movies";
			};
			name = Debug;
		};
		766324CA276CCD6900598F60 /* Release */ = {
			isa = XCBuildConfiguration;
			buildSettings = {
				ALWAYS_EMBED_SWIFT_STANDARD_LIBRARIES = YES;
				BUNDLE_LOADER = "$(TEST_HOST)";
				CODE_SIGN_STYLE = Automatic;
				CURRENT_PROJECT_VERSION = 1;
				GENERATE_INFOPLIST_FILE = YES;
				IPHONEOS_DEPLOYMENT_TARGET = 15.0;
				LD_RUNPATH_SEARCH_PATHS = (
					"$(inherited)",
					"@executable_path/Frameworks",
					"@loader_path/Frameworks",
				);
				MARKETING_VERSION = 1.0;
				PRODUCT_BUNDLE_IDENTIFIER = "com.vasanth.Maverick-MoviesTests";
				PRODUCT_NAME = "$(TARGET_NAME)";
				SWIFT_EMIT_LOC_STRINGS = NO;
				SWIFT_VERSION = 5.0;
				TARGETED_DEVICE_FAMILY = "1,2";
				TEST_HOST = "$(BUILT_PRODUCTS_DIR)/Maverick Movies.app/Maverick Movies";
			};
			name = Release;
		};
		766324CC276CCD6900598F60 /* Debug */ = {
			isa = XCBuildConfiguration;
			buildSettings = {
				ALWAYS_EMBED_SWIFT_STANDARD_LIBRARIES = YES;
				CODE_SIGN_STYLE = Automatic;
				CURRENT_PROJECT_VERSION = 1;
				GENERATE_INFOPLIST_FILE = YES;
				LD_RUNPATH_SEARCH_PATHS = (
					"$(inherited)",
					"@executable_path/Frameworks",
					"@loader_path/Frameworks",
				);
				MARKETING_VERSION = 1.0;
				PRODUCT_BUNDLE_IDENTIFIER = "com.vasanth.Maverick-MoviesUITests";
				PRODUCT_NAME = "$(TARGET_NAME)";
				SWIFT_EMIT_LOC_STRINGS = NO;
				SWIFT_VERSION = 5.0;
				TARGETED_DEVICE_FAMILY = "1,2";
				TEST_TARGET_NAME = "Maverick Movies";
			};
			name = Debug;
		};
		766324CD276CCD6900598F60 /* Release */ = {
			isa = XCBuildConfiguration;
			buildSettings = {
				ALWAYS_EMBED_SWIFT_STANDARD_LIBRARIES = YES;
				CODE_SIGN_STYLE = Automatic;
				CURRENT_PROJECT_VERSION = 1;
				GENERATE_INFOPLIST_FILE = YES;
				LD_RUNPATH_SEARCH_PATHS = (
					"$(inherited)",
					"@executable_path/Frameworks",
					"@loader_path/Frameworks",
				);
				MARKETING_VERSION = 1.0;
				PRODUCT_BUNDLE_IDENTIFIER = "com.vasanth.Maverick-MoviesUITests";
				PRODUCT_NAME = "$(TARGET_NAME)";
				SWIFT_EMIT_LOC_STRINGS = NO;
				SWIFT_VERSION = 5.0;
				TARGETED_DEVICE_FAMILY = "1,2";
				TEST_TARGET_NAME = "Maverick Movies";
			};
			name = Release;
		};
/* End XCBuildConfiguration section */

/* Begin XCConfigurationList section */
		76632496276CCD6500598F60 /* Build configuration list for PBXProject "Maverick Movies" */ = {
			isa = XCConfigurationList;
			buildConfigurations = (
				766324C3276CCD6900598F60 /* Debug */,
				766324C4276CCD6900598F60 /* Release */,
			);
			defaultConfigurationIsVisible = 0;
			defaultConfigurationName = Release;
		};
		766324C5276CCD6900598F60 /* Build configuration list for PBXNativeTarget "Maverick Movies" */ = {
			isa = XCConfigurationList;
			buildConfigurations = (
				766324C6276CCD6900598F60 /* Debug */,
				766324C7276CCD6900598F60 /* Release */,
			);
			defaultConfigurationIsVisible = 0;
			defaultConfigurationName = Release;
		};
		766324C8276CCD6900598F60 /* Build configuration list for PBXNativeTarget "Maverick MoviesTests" */ = {
			isa = XCConfigurationList;
			buildConfigurations = (
				766324C9276CCD6900598F60 /* Debug */,
				766324CA276CCD6900598F60 /* Release */,
			);
			defaultConfigurationIsVisible = 0;
			defaultConfigurationName = Release;
		};
		766324CB276CCD6900598F60 /* Build configuration list for PBXNativeTarget "Maverick MoviesUITests" */ = {
			isa = XCConfigurationList;
			buildConfigurations = (
				766324CC276CCD6900598F60 /* Debug */,
				766324CD276CCD6900598F60 /* Release */,
			);
			defaultConfigurationIsVisible = 0;
			defaultConfigurationName = Release;
		};
/* End XCConfigurationList section */
	};
	rootObject = 76632493276CCD6500598F60 /* Project object */;
}
